
Microsoft Visual Studio Solution File, Format Version 12.00
# Visual Studio Version 17
VisualStudioVersion = 17.5.002.0
MinimumVisualStudioVersion = 10.0.40219.1
Project("{9A19103F-16F7-4668-BE54-9A1E7A4F7556}") = "api.Tests", "api.Tests.csproj", "{55A53004-D9A5-439F-BE9E-3320C627908C}"
EndProject
Global
	GlobalSection(SolutionConfigurationPlatforms) = preSolution
		Debug|Any CPU = Debug|Any CPU
		Release|Any CPU = Release|Any CPU
	EndGlobalSection
	GlobalSection(ProjectConfigurationPlatforms) = postSolution
		{55A53004-D9A5-439F-BE9E-3320C627908C}.Debug|Any CPU.ActiveCfg = Debug|Any CPU
		{55A53004-D9A5-439F-BE9E-3320C627908C}.Debug|Any CPU.Build.0 = Debug|Any CPU
		{55A53004-D9A5-439F-BE9E-3320C627908C}.Release|Any CPU.ActiveCfg = Release|Any CPU
		{55A53004-D9A5-439F-BE9E-3320C627908C}.Release|Any CPU.Build.0 = Release|Any CPU
	EndGlobalSection
	GlobalSection(SolutionProperties) = preSolution
		HideSolutionNode = FALSE
	EndGlobalSection
	GlobalSection(ExtensibilityGlobals) = postSolution
		SolutionGuid = {050E3D06-E08C-4544-88D3-2EC7CFD62511}
	EndGlobalSection
EndGlobal
